// !$*UTF8*$!
{
	archiveVersion = 1;
	classes = {
	};
	objectVersion = 56;
	objects = {

/* Begin PBXBuildFile section */
		6BA246842999C3BF005AABAC /* RohitTStandaloneApp.swift in Sources */ = {isa = PBXBuildFile; fileRef = 6BA246832999C3BF005AABAC /* RohitTStandaloneApp.swift */; };
		6BA246862999C3BF005AABAC /* ContentView.swift in Sources */ = {isa = PBXBuildFile; fileRef = 6BA246852999C3BF005AABAC /* ContentView.swift */; };
		6BA246882999C3C1005AABAC /* Assets.xcassets in Resources */ = {isa = PBXBuildFile; fileRef = 6BA246872999C3C1005AABAC /* Assets.xcassets */; };
		6BA2468B2999C3C1005AABAC /* Preview Assets.xcassets in Resources */ = {isa = PBXBuildFile; fileRef = 6BA2468A2999C3C1005AABAC /* Preview Assets.xcassets */; };
		6BA246982999C9FA005AABAC /* movieData.json in Resources */ = {isa = PBXBuildFile; fileRef = 6BA246972999C9FA005AABAC /* movieData.json */; };
		6BA2469C2999CB69005AABAC /* MovieImage.swift in Sources */ = {isa = PBXBuildFile; fileRef = 6BA2469B2999CB69005AABAC /* MovieImage.swift */; };
		6BA2469E2999D0AC005AABAC /* Movie.swift in Sources */ = {isa = PBXBuildFile; fileRef = 6BA2469D2999D0AC005AABAC /* Movie.swift */; };
		6BA246A02999D19B005AABAC /* ModelData.swift in Sources */ = {isa = PBXBuildFile; fileRef = 6BA2469F2999D19B005AABAC /* ModelData.swift */; };
		6BA246A42999D222005AABAC /* MovieRow.swift in Sources */ = {isa = PBXBuildFile; fileRef = 6BA246A32999D222005AABAC /* MovieRow.swift */; };
		6BA246A62999D74A005AABAC /* MovieList.swift in Sources */ = {isa = PBXBuildFile; fileRef = 6BA246A52999D74A005AABAC /* MovieList.swift */; };
		6BA246A82999DC43005AABAC /* MovieDetail.swift in Sources */ = {isa = PBXBuildFile; fileRef = 6BA246A72999DC43005AABAC /* MovieDetail.swift */; };
		6BA246AA2999E59A005AABAC /* FavoriteButton.swift in Sources */ = {isa = PBXBuildFile; fileRef = 6BA246A92999E59A005AABAC /* FavoriteButton.swift */; };
		6BA246AF2999EFB5005AABAC /* CategoryHome.swift in Sources */ = {isa = PBXBuildFile; fileRef = 6BA246AE2999EFB5005AABAC /* CategoryHome.swift */; };
		6BA246B12999F1E9005AABAC /* Profile.swift in Sources */ = {isa = PBXBuildFile; fileRef = 6BA246B02999F1E9005AABAC /* Profile.swift */; };
		6BA246B42999F226005AABAC /* ProfileHost.swift in Sources */ = {isa = PBXBuildFile; fileRef = 6BA246B32999F226005AABAC /* ProfileHost.swift */; };
		6BA246B62999F263005AABAC /* ProfileSummary.swift in Sources */ = {isa = PBXBuildFile; fileRef = 6BA246B52999F263005AABAC /* ProfileSummary.swift */; };
		6BA246B82999F43F005AABAC /* ProfileEditor.swift in Sources */ = {isa = PBXBuildFile; fileRef = 6BA246B72999F43F005AABAC /* ProfileEditor.swift */; };
		6BC6D7AE299B383F00A37DE1 /* CategoryRow.swift in Sources */ = {isa = PBXBuildFile; fileRef = 6BC6D7AD299B383F00A37DE1 /* CategoryRow.swift */; };
		6BC6D7B2299B395900A37DE1 /* CategoryItem.swift in Sources */ = {isa = PBXBuildFile; fileRef = 6BC6D7B1299B395900A37DE1 /* CategoryItem.swift */; };
/* End PBXBuildFile section */

/* Begin PBXFileReference section */
		6BA246802999C3BF005AABAC /* RohitTStandalone.app */ = {isa = PBXFileReference; explicitFileType = wrapper.application; includeInIndex = 0; path = RohitTStandalone.app; sourceTree = BUILT_PRODUCTS_DIR; };
		6BA246832999C3BF005AABAC /* RohitTStandaloneApp.swift */ = {isa = PBXFileReference; lastKnownFileType = sourcecode.swift; path = RohitTStandaloneApp.swift; sourceTree = "<group>"; };
		6BA246852999C3BF005AABAC /* ContentView.swift */ = {isa = PBXFileReference; lastKnownFileType = sourcecode.swift; path = ContentView.swift; sourceTree = "<group>"; };
		6BA246872999C3C1005AABAC /* Assets.xcassets */ = {isa = PBXFileReference; lastKnownFileType = folder.assetcatalog; path = Assets.xcassets; sourceTree = "<group>"; };
		6BA2468A2999C3C1005AABAC /* Preview Assets.xcassets */ = {isa = PBXFileReference; lastKnownFileType = folder.assetcatalog; path = "Preview Assets.xcassets"; sourceTree = "<group>"; };
		6BA246972999C9FA005AABAC /* movieData.json */ = {isa = PBXFileReference; fileEncoding = 4; lastKnownFileType = text.json; path = movieData.json; sourceTree = "<group>"; };
		6BA2469B2999CB69005AABAC /* MovieImage.swift */ = {isa = PBXFileReference; lastKnownFileType = sourcecode.swift; path = MovieImage.swift; sourceTree = "<group>"; };
		6BA2469D2999D0AC005AABAC /* Movie.swift */ = {isa = PBXFileReference; lastKnownFileType = sourcecode.swift; path = Movie.swift; sourceTree = "<group>"; };
		6BA2469F2999D19B005AABAC /* ModelData.swift */ = {isa = PBXFileReference; lastKnownFileType = sourcecode.swift; path = ModelData.swift; sourceTree = "<group>"; };
		6BA246A32999D222005AABAC /* MovieRow.swift */ = {isa = PBXFileReference; lastKnownFileType = sourcecode.swift; path = MovieRow.swift; sourceTree = "<group>"; };
		6BA246A52999D74A005AABAC /* MovieList.swift */ = {isa = PBXFileReference; lastKnownFileType = sourcecode.swift; path = MovieList.swift; sourceTree = "<group>"; };
		6BA246A72999DC43005AABAC /* MovieDetail.swift */ = {isa = PBXFileReference; lastKnownFileType = sourcecode.swift; path = MovieDetail.swift; sourceTree = "<group>"; };
		6BA246A92999E59A005AABAC /* FavoriteButton.swift */ = {isa = PBXFileReference; lastKnownFileType = sourcecode.swift; path = FavoriteButton.swift; sourceTree = "<group>"; };
		6BA246AE2999EFB5005AABAC /* CategoryHome.swift */ = {isa = PBXFileReference; lastKnownFileType = sourcecode.swift; path = CategoryHome.swift; sourceTree = "<group>"; };
		6BA246B02999F1E9005AABAC /* Profile.swift */ = {isa = PBXFileReference; lastKnownFileType = sourcecode.swift; path = Profile.swift; sourceTree = "<group>"; };
		6BA246B32999F226005AABAC /* ProfileHost.swift */ = {isa = PBXFileReference; lastKnownFileType = sourcecode.swift; path = ProfileHost.swift; sourceTree = "<group>"; };
		6BA246B52999F263005AABAC /* ProfileSummary.swift */ = {isa = PBXFileReference; lastKnownFileType = sourcecode.swift; path = ProfileSummary.swift; sourceTree = "<group>"; };
		6BA246B72999F43F005AABAC /* ProfileEditor.swift */ = {isa = PBXFileReference; lastKnownFileType = sourcecode.swift; path = ProfileEditor.swift; sourceTree = "<group>"; };
		6BC6D7AD299B383F00A37DE1 /* CategoryRow.swift */ = {isa = PBXFileReference; lastKnownFileType = sourcecode.swift; path = CategoryRow.swift; sourceTree = "<group>"; };
		6BC6D7B1299B395900A37DE1 /* CategoryItem.swift */ = {isa = PBXFileReference; lastKnownFileType = sourcecode.swift; path = CategoryItem.swift; sourceTree = "<group>"; };
/* End PBXFileReference section */

/* Begin PBXFrameworksBuildPhase section */
		6BA2467D2999C3BF005AABAC /* Frameworks */ = {
			isa = PBXFrameworksBuildPhase;
			buildActionMask = 2147483647;
			files = (
			);
			runOnlyForDeploymentPostprocessing = 0;
		};
/* End PBXFrameworksBuildPhase section */

/* Begin PBXGroup section */
		6BA246772999C3BF005AABAC = {
			isa = PBXGroup;
			children = (
				6BA246822999C3BF005AABAC /* RohitTStandalone */,
				6BA246812999C3BF005AABAC /* Products */,
			);
			sourceTree = "<group>";
		};
		6BA246812999C3BF005AABAC /* Products */ = {
			isa = PBXGroup;
			children = (
				6BA246802999C3BF005AABAC /* RohitTStandalone.app */,
			);
			name = Products;
			sourceTree = "<group>";
		};
		6BA246822999C3BF005AABAC /* RohitTStandalone */ = {
			isa = PBXGroup;
			children = (
				6BA246832999C3BF005AABAC /* RohitTStandaloneApp.swift */,
				6BA246A22999D1D8005AABAC /* Model */,
				6BA246A12999D1CD005AABAC /* Views */,
				6BA246872999C3C1005AABAC /* Assets.xcassets */,
				6BA246912999C44B005AABAC /* Resources */,
				6BA246892999C3C1005AABAC /* Preview Content */,
			);
			path = RohitTStandalone;
			sourceTree = "<group>";
		};
		6BA246892999C3C1005AABAC /* Preview Content */ = {
			isa = PBXGroup;
			children = (
				6BA2468A2999C3C1005AABAC /* Preview Assets.xcassets */,
			);
			path = "Preview Content";
			sourceTree = "<group>";
		};
		6BA246912999C44B005AABAC /* Resources */ = {
			isa = PBXGroup;
			children = (
				6BA246972999C9FA005AABAC /* movieData.json */,
			);
			path = Resources;
			sourceTree = "<group>";
		};
		6BA246A12999D1CD005AABAC /* Views */ = {
			isa = PBXGroup;
			children = (
				6BA246852999C3BF005AABAC /* ContentView.swift */,
				6BA246B22999F20F005AABAC /* Profiles */,
				6BA246AD2999EFA4005AABAC /* Categories */,
				6BA246AC2999E619005AABAC /* Helpers */,
				6BA246AB2999E5FB005AABAC /* Movies */,
			);
			path = Views;
			sourceTree = "<group>";
		};
		6BA246A22999D1D8005AABAC /* Model */ = {
			isa = PBXGroup;
			children = (
				6BA2469F2999D19B005AABAC /* ModelData.swift */,
				6BA2469D2999D0AC005AABAC /* Movie.swift */,
				6BA246B02999F1E9005AABAC /* Profile.swift */,
			);
			path = Model;
			sourceTree = "<group>";
		};
		6BA246AB2999E5FB005AABAC /* Movies */ = {
			isa = PBXGroup;
			children = (
				6BA246A32999D222005AABAC /* MovieRow.swift */,
				6BA246A52999D74A005AABAC /* MovieList.swift */,
				6BA246A72999DC43005AABAC /* MovieDetail.swift */,
			);
			path = Movies;
			sourceTree = "<group>";
		};
		6BA246AC2999E619005AABAC /* Helpers */ = {
			isa = PBXGroup;
			children = (
				6BA2469B2999CB69005AABAC /* MovieImage.swift */,
				6BA246A92999E59A005AABAC /* FavoriteButton.swift */,
			);
			path = Helpers;
			sourceTree = "<group>";
		};
		6BA246AD2999EFA4005AABAC /* Categories */ = {
			isa = PBXGroup;
			children = (
				6BA246AE2999EFB5005AABAC /* CategoryHome.swift */,
				6BC6D7AD299B383F00A37DE1 /* CategoryRow.swift */,
				6BC6D7B1299B395900A37DE1 /* CategoryItem.swift */,
			);
			path = Categories;
			sourceTree = "<group>";
		};
		6BA246B22999F20F005AABAC /* Profiles */ = {
			isa = PBXGroup;
			children = (
				6BA246B32999F226005AABAC /* ProfileHost.swift */,
				6BA246B52999F263005AABAC /* ProfileSummary.swift */,
				6BA246B72999F43F005AABAC /* ProfileEditor.swift */,
			);
			path = Profiles;
			sourceTree = "<group>";
		};
/* End PBXGroup section */

/* Begin PBXNativeTarget section */
		6BA2467F2999C3BF005AABAC /* RohitTStandalone */ = {
			isa = PBXNativeTarget;
			buildConfigurationList = 6BA2468E2999C3C1005AABAC /* Build configuration list for PBXNativeTarget "RohitTStandalone" */;
			buildPhases = (
				6BA2467C2999C3BF005AABAC /* Sources */,
				6BA2467D2999C3BF005AABAC /* Frameworks */,
				6BA2467E2999C3BF005AABAC /* Resources */,
			);
			buildRules = (
			);
			dependencies = (
			);
			name = RohitTStandalone;
			productName = RohitTStandalone;
			productReference = 6BA246802999C3BF005AABAC /* RohitTStandalone.app */;
			productType = "com.apple.product-type.application";
		};
/* End PBXNativeTarget section */

/* Begin PBXProject section */
		6BA246782999C3BF005AABAC /* Project object */ = {
			isa = PBXProject;
			attributes = {
				BuildIndependentTargetsInParallel = 1;
				LastSwiftUpdateCheck = 1420;
				LastUpgradeCheck = 1420;
				TargetAttributes = {
					6BA2467F2999C3BF005AABAC = {
						CreatedOnToolsVersion = 14.2;
					};
				};
			};
			buildConfigurationList = 6BA2467B2999C3BF005AABAC /* Build configuration list for PBXProject "RohitTStandalone" */;
			compatibilityVersion = "Xcode 14.0";
			developmentRegion = en;
			hasScannedForEncodings = 0;
			knownRegions = (
				en,
				Base,
			);
			mainGroup = 6BA246772999C3BF005AABAC;
			productRefGroup = 6BA246812999C3BF005AABAC /* Products */;
			projectDirPath = "";
			projectRoot = "";
			targets = (
				6BA2467F2999C3BF005AABAC /* RohitTStandalone */,
			);
		};
/* End PBXProject section */

/* Begin PBXResourcesBuildPhase section */
		6BA2467E2999C3BF005AABAC /* Resources */ = {
			isa = PBXResourcesBuildPhase;
			buildActionMask = 2147483647;
			files = (
				6BA2468B2999C3C1005AABAC /* Preview Assets.xcassets in Resources */,
				6BA246982999C9FA005AABAC /* movieData.json in Resources */,
				6BA246882999C3C1005AABAC /* Assets.xcassets in Resources */,
			);
			runOnlyForDeploymentPostprocessing = 0;
		};
/* End PBXResourcesBuildPhase section */

/* Begin PBXSourcesBuildPhase section */
		6BA2467C2999C3BF005AABAC /* Sources */ = {
			isa = PBXSourcesBuildPhase;
			buildActionMask = 2147483647;
			files = (
				6BA246862999C3BF005AABAC /* ContentView.swift in Sources */,
				6BA246A42999D222005AABAC /* MovieRow.swift in Sources */,
				6BA2469C2999CB69005AABAC /* MovieImage.swift in Sources */,
				6BA246B42999F226005AABAC /* ProfileHost.swift in Sources */,
				6BA246B82999F43F005AABAC /* ProfileEditor.swift in Sources */,
				6BA246AA2999E59A005AABAC /* FavoriteButton.swift in Sources */,
				6BA246AF2999EFB5005AABAC /* CategoryHome.swift in Sources */,
				6BC6D7AE299B383F00A37DE1 /* CategoryRow.swift in Sources */,
				6BA246A02999D19B005AABAC /* ModelData.swift in Sources */,
				6BA2469E2999D0AC005AABAC /* Movie.swift in Sources */,
				6BC6D7B2299B395900A37DE1 /* CategoryItem.swift in Sources */,
				6BA246842999C3BF005AABAC /* RohitTStandaloneApp.swift in Sources */,
				6BA246B12999F1E9005AABAC /* Profile.swift in Sources */,
				6BA246A62999D74A005AABAC /* MovieList.swift in Sources */,
				6BA246A82999DC43005AABAC /* MovieDetail.swift in Sources */,
				6BA246B62999F263005AABAC /* ProfileSummary.swift in Sources */,
			);
			runOnlyForDeploymentPostprocessing = 0;
		};
/* End PBXSourcesBuildPhase section */

/* Begin XCBuildConfiguration section */
		6BA2468C2999C3C1005AABAC /* Debug */ = {
			isa = XCBuildConfiguration;
			buildSettings = {
				ALWAYS_SEARCH_USER_PATHS = NO;
				CLANG_ANALYZER_NONNULL = YES;
				CLANG_ANALYZER_NUMBER_OBJECT_CONVERSION = YES_AGGRESSIVE;
				CLANG_CXX_LANGUAGE_STANDARD = "gnu++20";
				CLANG_ENABLE_MODULES = YES;
				CLANG_ENABLE_OBJC_ARC = YES;
				CLANG_ENABLE_OBJC_WEAK = YES;
				CLANG_WARN_BLOCK_CAPTURE_AUTORELEASING = YES;
				CLANG_WARN_BOOL_CONVERSION = YES;
				CLANG_WARN_COMMA = YES;
				CLANG_WARN_CONSTANT_CONVERSION = YES;
				CLANG_WARN_DEPRECATED_OBJC_IMPLEMENTATIONS = YES;
				CLANG_WARN_DIRECT_OBJC_ISA_USAGE = YES_ERROR;
				CLANG_WARN_DOCUMENTATION_COMMENTS = YES;
				CLANG_WARN_EMPTY_BODY = YES;
				CLANG_WARN_ENUM_CONVERSION = YES;
				CLANG_WARN_INFINITE_RECURSION = YES;
				CLANG_WARN_INT_CONVERSION = YES;
				CLANG_WARN_NON_LITERAL_NULL_CONVERSION = YES;
				CLANG_WARN_OBJC_IMPLICIT_RETAIN_SELF = YES;
				CLANG_WARN_OBJC_LITERAL_CONVERSION = YES;
				CLANG_WARN_OBJC_ROOT_CLASS = YES_ERROR;
				CLANG_WARN_QUOTED_INCLUDE_IN_FRAMEWORK_HEADER = YES;
				CLANG_WARN_RANGE_LOOP_ANALYSIS = YES;
				CLANG_WARN_STRICT_PROTOTYPES = YES;
				CLANG_WARN_SUSPICIOUS_MOVE = YES;
				CLANG_WARN_UNGUARDED_AVAILABILITY = YES_AGGRESSIVE;
				CLANG_WARN_UNREACHABLE_CODE = YES;
				CLANG_WARN__DUPLICATE_METHOD_MATCH = YES;
				COPY_PHASE_STRIP = NO;
				DEBUG_INFORMATION_FORMAT = dwarf;
				ENABLE_STRICT_OBJC_MSGSEND = YES;
				ENABLE_TESTABILITY = YES;
				GCC_C_LANGUAGE_STANDARD = gnu11;
				GCC_DYNAMIC_NO_PIC = NO;
				GCC_NO_COMMON_BLOCKS = YES;
				GCC_OPTIMIZATION_LEVEL = 0;
				GCC_PREPROCESSOR_DEFINITIONS = (
					"DEBUG=1",
					"$(inherited)",
				);
				GCC_WARN_64_TO_32_BIT_CONVERSION = YES;
				GCC_WARN_ABOUT_RETURN_TYPE = YES_ERROR;
				GCC_WARN_UNDECLARED_SELECTOR = YES;
				GCC_WARN_UNINITIALIZED_AUTOS = YES_AGGRESSIVE;
				GCC_WARN_UNUSED_FUNCTION = YES;
				GCC_WARN_UNUSED_VARIABLE = YES;
				IPHONEOS_DEPLOYMENT_TARGET = 16.2;
				MTL_ENABLE_DEBUG_INFO = INCLUDE_SOURCE;
				MTL_FAST_MATH = YES;
				ONLY_ACTIVE_ARCH = YES;
				SDKROOT = iphoneos;
				SWIFT_ACTIVE_COMPILATION_CONDITIONS = DEBUG;
				SWIFT_OPTIMIZATION_LEVEL = "-Onone";
			};
			name = Debug;
		};
		6BA2468D2999C3C1005AABAC /* Release */ = {
			isa = XCBuildConfiguration;
			buildSettings = {
				ALWAYS_SEARCH_USER_PATHS = NO;
				CLANG_ANALYZER_NONNULL = YES;
				CLANG_ANALYZER_NUMBER_OBJECT_CONVERSION = YES_AGGRESSIVE;
				CLANG_CXX_LANGUAGE_STANDARD = "gnu++20";
				CLANG_ENABLE_MODULES = YES;
				CLANG_ENABLE_OBJC_ARC = YES;
				CLANG_ENABLE_OBJC_WEAK = YES;
				CLANG_WARN_BLOCK_CAPTURE_AUTORELEASING = YES;
				CLANG_WARN_BOOL_CONVERSION = YES;
				CLANG_WARN_COMMA = YES;
				CLANG_WARN_CONSTANT_CONVERSION = YES;
				CLANG_WARN_DEPRECATED_OBJC_IMPLEMENTATIONS = YES;
				CLANG_WARN_DIRECT_OBJC_ISA_USAGE = YES_ERROR;
				CLANG_WARN_DOCUMENTATION_COMMENTS = YES;
				CLANG_WARN_EMPTY_BODY = YES;
				CLANG_WARN_ENUM_CONVERSION = YES;
				CLANG_WARN_INFINITE_RECURSION = YES;
				CLANG_WARN_INT_CONVERSION = YES;
				CLANG_WARN_NON_LITERAL_NULL_CONVERSION = YES;
				CLANG_WARN_OBJC_IMPLICIT_RETAIN_SELF = YES;
				CLANG_WARN_OBJC_LITERAL_CONVERSION = YES;
				CLANG_WARN_OBJC_ROOT_CLASS = YES_ERROR;
				CLANG_WARN_QUOTED_INCLUDE_IN_FRAMEWORK_HEADER = YES;
				CLANG_WARN_RANGE_LOOP_ANALYSIS = YES;
				CLANG_WARN_STRICT_PROTOTYPES = YES;
				CLANG_WARN_SUSPICIOUS_MOVE = YES;
				CLANG_WARN_UNGUARDED_AVAILABILITY = YES_AGGRESSIVE;
				CLANG_WARN_UNREACHABLE_CODE = YES;
				CLANG_WARN__DUPLICATE_METHOD_MATCH = YES;
				COPY_PHASE_STRIP = NO;
				DEBUG_INFORMATION_FORMAT = "dwarf-with-dsym";
				ENABLE_NS_ASSERTIONS = NO;
				ENABLE_STRICT_OBJC_MSGSEND = YES;
				GCC_C_LANGUAGE_STANDARD = gnu11;
				GCC_NO_COMMON_BLOCKS = YES;
				GCC_WARN_64_TO_32_BIT_CONVERSION = YES;
				GCC_WARN_ABOUT_RETURN_TYPE = YES_ERROR;
				GCC_WARN_UNDECLARED_SELECTOR = YES;
				GCC_WARN_UNINITIALIZED_AUTOS = YES_AGGRESSIVE;
				GCC_WARN_UNUSED_FUNCTION = YES;
				GCC_WARN_UNUSED_VARIABLE = YES;
				IPHONEOS_DEPLOYMENT_TARGET = 16.2;
				MTL_ENABLE_DEBUG_INFO = NO;
				MTL_FAST_MATH = YES;
				SDKROOT = iphoneos;
				SWIFT_COMPILATION_MODE = wholemodule;
				SWIFT_OPTIMIZATION_LEVEL = "-O";
				VALIDATE_PRODUCT = YES;
			};
			name = Release;
		};
		6BA2468F2999C3C1005AABAC /* Debug */ = {
			isa = XCBuildConfiguration;
			buildSettings = {
				ASSETCATALOG_COMPILER_APPICON_NAME = AppIcon;
				ASSETCATALOG_COMPILER_GLOBAL_ACCENT_COLOR_NAME = AccentColor;
				CODE_SIGN_STYLE = Automatic;
				CURRENT_PROJECT_VERSION = 1;
				DEVELOPMENT_ASSET_PATHS = "\"RohitTStandalone/Preview Content\"";
				ENABLE_PREVIEWS = YES;
				GENERATE_INFOPLIST_FILE = YES;
				INFOPLIST_KEY_UIApplicationSceneManifest_Generation = YES;
				INFOPLIST_KEY_UIApplicationSupportsIndirectInputEvents = YES;
				INFOPLIST_KEY_UILaunchScreen_Generation = YES;
				INFOPLIST_KEY_UISupportedInterfaceOrientations_iPad = "UIInterfaceOrientationPortrait UIInterfaceOrientationPortraitUpsideDown UIInterfaceOrientationLandscapeLeft UIInterfaceOrientationLandscapeRight";
				INFOPLIST_KEY_UISupportedInterfaceOrientations_iPhone = "UIInterfaceOrientationPortrait UIInterfaceOrientationLandscapeLeft UIInterfaceOrientationLandscapeRight";
				LD_RUNPATH_SEARCH_PATHS = (
					"$(inherited)",
					"@executable_path/Frameworks",
				);
				MARKETING_VERSION = 1.0;
				PRODUCT_BUNDLE_IDENTIFIER = lmu.edu.RohitTStandalone;
				PRODUCT_NAME = "$(TARGET_NAME)";
				SWIFT_EMIT_LOC_STRINGS = YES;
				SWIFT_VERSION = 5.0;
				TARGETED_DEVICE_FAMILY = "1,2";
			};
			name = Debug;
		};
		6BA246902999C3C1005AABAC /* Release */ = {
			isa = XCBuildConfiguration;
			buildSettings = {
				ASSETCATALOG_COMPILER_APPICON_NAME = AppIcon;
				ASSETCATALOG_COMPILER_GLOBAL_ACCENT_COLOR_NAME = AccentColor;
				CODE_SIGN_STYLE = Automatic;
				CURRENT_PROJECT_VERSION = 1;
				DEVELOPMENT_ASSET_PATHS = "\"RohitTStandalone/Preview Content\"";
				ENABLE_PREVIEWS = YES;
				GENERATE_INFOPLIST_FILE = YES;
				INFOPLIST_KEY_UIApplicationSceneManifest_Generation = YES;
				INFOPLIST_KEY_UIApplicationSupportsIndirectInputEvents = YES;
				INFOPLIST_KEY_UILaunchScreen_Generation = YES;
				INFOPLIST_KEY_UISupportedInterfaceOrientations_iPad = "UIInterfaceOrientationPortrait UIInterfaceOrientationPortraitUpsideDown UIInterfaceOrientationLandscapeLeft UIInterfaceOrientationLandscapeRight";
				INFOPLIST_KEY_UISupportedInterfaceOrientations_iPhone = "UIInterfaceOrientationPortrait UIInterfaceOrientationLandscapeLeft UIInterfaceOrientationLandscapeRight";
				LD_RUNPATH_SEARCH_PATHS = (
					"$(inherited)",
					"@executable_path/Frameworks",
				);
				MARKETING_VERSION = 1.0;
				PRODUCT_BUNDLE_IDENTIFIER = lmu.edu.RohitTStandalone;
				PRODUCT_NAME = "$(TARGET_NAME)";
				SWIFT_EMIT_LOC_STRINGS = YES;
				SWIFT_VERSION = 5.0;
				TARGETED_DEVICE_FAMILY = "1,2";
			};
			name = Release;
		};
/* End XCBuildConfiguration section */

/* Begin XCConfigurationList section */
		6BA2467B2999C3BF005AABAC /* Build configuration list for PBXProject "RohitTStandalone" */ = {
			isa = XCConfigurationList;
			buildConfigurations = (
				6BA2468C2999C3C1005AABAC /* Debug */,
				6BA2468D2999C3C1005AABAC /* Release */,
			);
			defaultConfigurationIsVisible = 0;
			defaultConfigurationName = Release;
		};
		6BA2468E2999C3C1005AABAC /* Build configuration list for PBXNativeTarget "RohitTStandalone" */ = {
			isa = XCConfigurationList;
			buildConfigurations = (
				6BA2468F2999C3C1005AABAC /* Debug */,
				6BA246902999C3C1005AABAC /* Release */,
			);
			defaultConfigurationIsVisible = 0;
			defaultConfigurationName = Release;
		};
/* End XCConfigurationList section */
	};
	rootObject = 6BA246782999C3BF005AABAC /* Project object */;
}
